
Microsoft Visual Studio Solution File, Format Version 12.00
# Visual Studio Version 17
VisualStudioVersion = 17.14.36623.8
MinimumVisualStudioVersion = 10.0.40219.1
Project("{FAE04EC0-301F-11D3-BF4B-00C04F79EFBC}") = "UserRewardSystem.Domain", "UserRewardSystem.Domain\UserRewardSystem.Domain.csproj", "{39FB9712-8653-4B5A-9B5E-CF60970495C8}"
EndProject
Project("{FAE04EC0-301F-11D3-BF4B-00C04F79EFBC}") = "UserRewardSystem.Application", "UserRewardSystem.Application\UserRewardSystem.Application.csproj", "{36EB5C9B-2589-49B0-977B-7C6C738485F0}"
EndProject
Project("{FAE04EC0-301F-11D3-BF4B-00C04F79EFBC}") = "UserRewardSystem.Infrastructure", "UserRewardSystem.Infrastructure\UserRewardSystem.Infrastructure.csproj", "{E47325A2-63E7-4BE4-B0CC-F0942145DC2B}"
EndProject
Project("{FAE04EC0-301F-11D3-BF4B-00C04F79EFBC}") = "UserRewardSystem.Tests", "UserRewardSystem.Tests\UserRewardSystem.Tests.csproj", "{EE3597EE-5590-4096-B886-8DFE4264E0AD}"
EndProject
Global
	GlobalSection(SolutionConfigurationPlatforms) = preSolution
		Debug|Any CPU = Debug|Any CPU
		Release|Any CPU = Release|Any CPU
	EndGlobalSection
	GlobalSection(ProjectConfigurationPlatforms) = postSolution
		{39FB9712-8653-4B5A-9B5E-CF60970495C8}.Debug|Any CPU.ActiveCfg = Debug|Any CPU
		{39FB9712-8653-4B5A-9B5E-CF60970495C8}.Debug|Any CPU.Build.0 = Debug|Any CPU
		{39FB9712-8653-4B5A-9B5E-CF60970495C8}.Release|Any CPU.ActiveCfg = Release|Any CPU
		{39FB9712-8653-4B5A-9B5E-CF60970495C8}.Release|Any CPU.Build.0 = Release|Any CPU
		{36EB5C9B-2589-49B0-977B-7C6C738485F0}.Debug|Any CPU.ActiveCfg = Debug|Any CPU
		{36EB5C9B-2589-49B0-977B-7C6C738485F0}.Debug|Any CPU.Build.0 = Debug|Any CPU
		{36EB5C9B-2589-49B0-977B-7C6C738485F0}.Release|Any CPU.ActiveCfg = Release|Any CPU
		{36EB5C9B-2589-49B0-977B-7C6C738485F0}.Release|Any CPU.Build.0 = Release|Any CPU
		{E47325A2-63E7-4BE4-B0CC-F0942145DC2B}.Debug|Any CPU.ActiveCfg = Debug|Any CPU
		{E47325A2-63E7-4BE4-B0CC-F0942145DC2B}.Debug|Any CPU.Build.0 = Debug|Any CPU
		{E47325A2-63E7-4BE4-B0CC-F0942145DC2B}.Release|Any CPU.ActiveCfg = Release|Any CPU
		{E47325A2-63E7-4BE4-B0CC-F0942145DC2B}.Release|Any CPU.Build.0 = Release|Any CPU
		{EE3597EE-5590-4096-B886-8DFE4264E0AD}.Debug|Any CPU.ActiveCfg = Debug|Any CPU
		{EE3597EE-5590-4096-B886-8DFE4264E0AD}.Debug|Any CPU.Build.0 = Debug|Any CPU
		{EE3597EE-5590-4096-B886-8DFE4264E0AD}.Release|Any CPU.ActiveCfg = Release|Any CPU
		{EE3597EE-5590-4096-B886-8DFE4264E0AD}.Release|Any CPU.Build.0 = Release|Any CPU
	EndGlobalSection
	GlobalSection(SolutionProperties) = preSolution
		HideSolutionNode = FALSE
	EndGlobalSection
	GlobalSection(ExtensibilityGlobals) = postSolution
		SolutionGuid = {432B3FB0-17E0-401E-9E0B-44DD9E9A120B}
	EndGlobalSection
EndGlobal
